
Microsoft Visual Studio Solution File, Format Version 12.00
# Visual Studio 15
VisualStudioVersion = 15.0.27428.2027
MinimumVisualStudioVersion = 10.0.40219.1
Project("{FAE04EC0-301F-11D3-BF4B-00C04F79EFBC}") = "Fruit", "Fruit\Fruit.csproj", "{BD2FDAB6-B871-4E7F-8F9F-957083F179D6}"
EndProject
Project("{FAE04EC0-301F-11D3-BF4B-00C04F79EFBC}") = "FruitTests", "FruitTests\FruitTests.csproj", "{8DC5C703-EE8A-4AD4-8032-B32EB1BA21AB}"
EndProject
Global
	GlobalSection(SolutionConfigurationPlatforms) = preSolution
		Debug|Any CPU = Debug|Any CPU
		Debug|ARM = Debug|ARM
		Debug|x64 = Debug|x64
		Debug|x86 = Debug|x86
		Release|Any CPU = Release|Any CPU
		Release|ARM = Release|ARM
		Release|x64 = Release|x64
		Release|x86 = Release|x86
	EndGlobalSection
	GlobalSection(ProjectConfigurationPlatforms) = postSolution
		{BD2FDAB6-B871-4E7F-8F9F-957083F179D6}.Debug|Any CPU.ActiveCfg = Debug|Any CPU
		{BD2FDAB6-B871-4E7F-8F9F-957083F179D6}.Debug|Any CPU.Build.0 = Debug|Any CPU
		{BD2FDAB6-B871-4E7F-8F9F-957083F179D6}.Debug|ARM.ActiveCfg = Debug|Any CPU
		{BD2FDAB6-B871-4E7F-8F9F-957083F179D6}.Debug|ARM.Build.0 = Debug|Any CPU
		{BD2FDAB6-B871-4E7F-8F9F-957083F179D6}.Debug|x64.ActiveCfg = Debug|Any CPU
		{BD2FDAB6-B871-4E7F-8F9F-957083F179D6}.Debug|x64.Build.0 = Debug|Any CPU
		{BD2FDAB6-B871-4E7F-8F9F-957083F179D6}.Debug|x86.ActiveCfg = Debug|Any CPU
		{BD2FDAB6-B871-4E7F-8F9F-957083F179D6}.Debug|x86.Build.0 = Debug|Any CPU
		{BD2FDAB6-B871-4E7F-8F9F-957083F179D6}.Release|Any CPU.ActiveCfg = Release|Any CPU
		{BD2FDAB6-B871-4E7F-8F9F-957083F179D6}.Release|Any CPU.Build.0 = Release|Any CPU
		{BD2FDAB6-B871-4E7F-8F9F-957083F179D6}.Release|ARM.ActiveCfg = Release|Any CPU
		{BD2FDAB6-B871-4E7F-8F9F-957083F179D6}.Release|ARM.Build.0 = Release|Any CPU
		{BD2FDAB6-B871-4E7F-8F9F-957083F179D6}.Release|x64.ActiveCfg = Release|Any CPU
		{BD2FDAB6-B871-4E7F-8F9F-957083F179D6}.Release|x64.Build.0 = Release|Any CPU
		{BD2FDAB6-B871-4E7F-8F9F-957083F179D6}.Release|x86.ActiveCfg = Release|Any CPU
		{BD2FDAB6-B871-4E7F-8F9F-957083F179D6}.Release|x86.Build.0 = Release|Any CPU
		{8DC5C703-EE8A-4AD4-8032-B32EB1BA21AB}.Debug|Any CPU.ActiveCfg = Debug|Any CPU
		{8DC5C703-EE8A-4AD4-8032-B32EB1BA21AB}.Debug|Any CPU.Build.0 = Debug|Any CPU
		{8DC5C703-EE8A-4AD4-8032-B32EB1BA21AB}.Debug|ARM.ActiveCfg = Debug|Any CPU
		{8DC5C703-EE8A-4AD4-8032-B32EB1BA21AB}.Debug|ARM.Build.0 = Debug|Any CPU
		{8DC5C703-EE8A-4AD4-8032-B32EB1BA21AB}.Debug|x64.ActiveCfg = Debug|Any CPU
		{8DC5C703-EE8A-4AD4-8032-B32EB1BA21AB}.Debug|x64.Build.0 = Debug|Any CPU
		{8DC5C703-EE8A-4AD4-8032-B32EB1BA21AB}.Debug|x86.ActiveCfg = Debug|Any CPU
		{8DC5C703-EE8A-4AD4-8032-B32EB1BA21AB}.Debug|x86.Build.0 = Debug|Any CPU
		{8DC5C703-EE8A-4AD4-8032-B32EB1BA21AB}.Release|Any CPU.ActiveCfg = Release|Any CPU
		{8DC5C703-EE8A-4AD4-8032-B32EB1BA21AB}.Release|Any CPU.Build.0 = Release|Any CPU
		{8DC5C703-EE8A-4AD4-8032-B32EB1BA21AB}.Release|ARM.ActiveCfg = Release|Any CPU
		{8DC5C703-EE8A-4AD4-8032-B32EB1BA21AB}.Release|ARM.Build.0 = Release|Any CPU
		{8DC5C703-EE8A-4AD4-8032-B32EB1BA21AB}.Release|x64.ActiveCfg = Release|Any CPU
		{8DC5C703-EE8A-4AD4-8032-B32EB1BA21AB}.Release|x64.Build.0 = Release|Any CPU
		{8DC5C703-EE8A-4AD4-8032-B32EB1BA21AB}.Release|x86.ActiveCfg = Release|Any CPU
		{8DC5C703-EE8A-4AD4-8032-B32EB1BA21AB}.Release|x86.Build.0 = Release|Any CPU
	EndGlobalSection
	GlobalSection(SolutionProperties) = preSolution
		HideSolutionNode = FALSE
	EndGlobalSection
	GlobalSection(ExtensibilityGlobals) = postSolution
		SolutionGuid = {94FE9BC8-7573-420D-8749-EC022CF422F5}
	EndGlobalSection
EndGlobal
